
Microsoft Visual Studio Solution File, Format Version 11.00
# Visual Studio 2010
Project("{FAE04EC0-301F-11D3-BF4B-00C04F79EFBC}") = "Assembly-CSharp", "Assembly-CSharp.csproj", "{7B336B36-233C-879A-5750-12080378B175}"
EndProject
Global
	GlobalSection(SolutionConfigurationPlatforms) = preSolution
		Debug|Any CPU = Debug|Any CPU
		Release|Any CPU = Release|Any CPU
	EndGlobalSection
	GlobalSection(ProjectConfigurationPlatforms) = postSolution
		{7B336B36-233C-879A-5750-12080378B175}.Debug|Any CPU.ActiveCfg = Debug|Any CPU
		{7B336B36-233C-879A-5750-12080378B175}.Debug|Any CPU.Build.0 = Debug|Any CPU
		{7B336B36-233C-879A-5750-12080378B175}.Release|Any CPU.ActiveCfg = Release|Any CPU
		{7B336B36-233C-879A-5750-12080378B175}.Release|Any CPU.Build.0 = Release|Any CPU
	EndGlobalSection
	GlobalSection(SolutionProperties) = preSolution
		HideSolutionNode = FALSE
	EndGlobalSection
EndGlobal
